// !$*UTF8*$!
{
	archiveVersion = 1;
	classes = {
	};
	objectVersion = 55;
	objects = {

/* Begin PBXBuildFile section */
		8C17D0D927743CB600DE63B6 /* AppDelegate.swift in Sources */ = {isa = PBXBuildFile; fileRef = 8C17D0D827743CB600DE63B6 /* AppDelegate.swift */; };
		8C17D0DB27743CB600DE63B6 /* SceneDelegate.swift in Sources */ = {isa = PBXBuildFile; fileRef = 8C17D0DA27743CB600DE63B6 /* SceneDelegate.swift */; };
		8C17D0E027743CB600DE63B6 /* Main.storyboard in Resources */ = {isa = PBXBuildFile; fileRef = 8C17D0DE27743CB600DE63B6 /* Main.storyboard */; };
		8C17D0E227743CB700DE63B6 /* Assets.xcassets in Resources */ = {isa = PBXBuildFile; fileRef = 8C17D0E127743CB700DE63B6 /* Assets.xcassets */; };
		8C17D0E527743CB700DE63B6 /* LaunchScreen.storyboard in Resources */ = {isa = PBXBuildFile; fileRef = 8C17D0E327743CB700DE63B6 /* LaunchScreen.storyboard */; };
		8C17D0F027743CB700DE63B6 /* Test_2Tests.swift in Sources */ = {isa = PBXBuildFile; fileRef = 8C17D0EF27743CB700DE63B6 /* Test_2Tests.swift */; };
		8C17D0FA27743CB700DE63B6 /* Test_2UITests.swift in Sources */ = {isa = PBXBuildFile; fileRef = 8C17D0F927743CB700DE63B6 /* Test_2UITests.swift */; };
		8C17D0FC27743CB700DE63B6 /* Test_2UITestsLaunchTests.swift in Sources */ = {isa = PBXBuildFile; fileRef = 8C17D0FB27743CB700DE63B6 /* Test_2UITestsLaunchTests.swift */; };
		8C17D1452783936300DE63B6 /* WelcomeViewController.swift in Sources */ = {isa = PBXBuildFile; fileRef = 8C17D1442783936300DE63B6 /* WelcomeViewController.swift */; };
		8C17D1472783E2FA00DE63B6 /* SelectFileViewController.swift in Sources */ = {isa = PBXBuildFile; fileRef = 8C17D1462783E2FA00DE63B6 /* SelectFileViewController.swift */; };
		8C17D1492783E31400DE63B6 /* RecordNewViewController.swift in Sources */ = {isa = PBXBuildFile; fileRef = 8C17D1482783E31400DE63B6 /* RecordNewViewController.swift */; };
		8C17D14B2783E96B00DE63B6 /* PatientSpecificationViewController.swift in Sources */ = {isa = PBXBuildFile; fileRef = 8C17D14A2783E96B00DE63B6 /* PatientSpecificationViewController.swift */; };
		8C8D6B3F278542B900FF5520 /* PhotoViewController.swift in Sources */ = {isa = PBXBuildFile; fileRef = 8C8D6B3E278542B900FF5520 /* PhotoViewController.swift */; };
/* End PBXBuildFile section */

/* Begin PBXContainerItemProxy section */
		8C17D0EC27743CB700DE63B6 /* PBXContainerItemProxy */ = {
			isa = PBXContainerItemProxy;
			containerPortal = 8C17D0CD27743CB600DE63B6 /* Project object */;
			proxyType = 1;
			remoteGlobalIDString = 8C17D0D427743CB600DE63B6;
			remoteInfo = "Test 2";
		};
		8C17D0F627743CB700DE63B6 /* PBXContainerItemProxy */ = {
			isa = PBXContainerItemProxy;
			containerPortal = 8C17D0CD27743CB600DE63B6 /* Project object */;
			proxyType = 1;
			remoteGlobalIDString = 8C17D0D427743CB600DE63B6;
			remoteInfo = "Test 2";
		};
/* End PBXContainerItemProxy section */

/* Begin PBXFileReference section */
		8C17D0D527743CB600DE63B6 /* Test 2.app */ = {isa = PBXFileReference; explicitFileType = wrapper.application; includeInIndex = 0; path = "Test 2.app"; sourceTree = BUILT_PRODUCTS_DIR; };
		8C17D0D827743CB600DE63B6 /* AppDelegate.swift */ = {isa = PBXFileReference; lastKnownFileType = sourcecode.swift; path = AppDelegate.swift; sourceTree = "<group>"; };
		8C17D0DA27743CB600DE63B6 /* SceneDelegate.swift */ = {isa = PBXFileReference; lastKnownFileType = sourcecode.swift; path = SceneDelegate.swift; sourceTree = "<group>"; };
		8C17D0DF27743CB600DE63B6 /* Base */ = {isa = PBXFileReference; lastKnownFileType = file.storyboard; name = Base; path = Base.lproj/Main.storyboard; sourceTree = "<group>"; };
		8C17D0E127743CB700DE63B6 /* Assets.xcassets */ = {isa = PBXFileReference; lastKnownFileType = folder.assetcatalog; path = Assets.xcassets; sourceTree = "<group>"; };
		8C17D0E427743CB700DE63B6 /* Base */ = {isa = PBXFileReference; lastKnownFileType = file.storyboard; name = Base; path = Base.lproj/LaunchScreen.storyboard; sourceTree = "<group>"; };
		8C17D0E627743CB700DE63B6 /* Info.plist */ = {isa = PBXFileReference; lastKnownFileType = text.plist.xml; path = Info.plist; sourceTree = "<group>"; };
		8C17D0EB27743CB700DE63B6 /* Test 2Tests.xctest */ = {isa = PBXFileReference; explicitFileType = wrapper.cfbundle; includeInIndex = 0; path = "Test 2Tests.xctest"; sourceTree = BUILT_PRODUCTS_DIR; };
		8C17D0EF27743CB700DE63B6 /* Test_2Tests.swift */ = {isa = PBXFileReference; lastKnownFileType = sourcecode.swift; path = Test_2Tests.swift; sourceTree = "<group>"; };
		8C17D0F527743CB700DE63B6 /* Test 2UITests.xctest */ = {isa = PBXFileReference; explicitFileType = wrapper.cfbundle; includeInIndex = 0; path = "Test 2UITests.xctest"; sourceTree = BUILT_PRODUCTS_DIR; };
		8C17D0F927743CB700DE63B6 /* Test_2UITests.swift */ = {isa = PBXFileReference; lastKnownFileType = sourcecode.swift; path = Test_2UITests.swift; sourceTree = "<group>"; };
		8C17D0FB27743CB700DE63B6 /* Test_2UITestsLaunchTests.swift */ = {isa = PBXFileReference; lastKnownFileType = sourcecode.swift; path = Test_2UITestsLaunchTests.swift; sourceTree = "<group>"; };
		8C17D1442783936300DE63B6 /* WelcomeViewController.swift */ = {isa = PBXFileReference; lastKnownFileType = sourcecode.swift; path = WelcomeViewController.swift; sourceTree = "<group>"; };
		8C17D1462783E2FA00DE63B6 /* SelectFileViewController.swift */ = {isa = PBXFileReference; lastKnownFileType = sourcecode.swift; path = SelectFileViewController.swift; sourceTree = "<group>"; };
		8C17D1482783E31400DE63B6 /* RecordNewViewController.swift */ = {isa = PBXFileReference; lastKnownFileType = sourcecode.swift; path = RecordNewViewController.swift; sourceTree = "<group>"; };
		8C17D14A2783E96B00DE63B6 /* PatientSpecificationViewController.swift */ = {isa = PBXFileReference; lastKnownFileType = sourcecode.swift; path = PatientSpecificationViewController.swift; sourceTree = "<group>"; };
		8C8D6B3E278542B900FF5520 /* PhotoViewController.swift */ = {isa = PBXFileReference; lastKnownFileType = sourcecode.swift; path = PhotoViewController.swift; sourceTree = "<group>"; };
/* End PBXFileReference section */

/* Begin PBXFrameworksBuildPhase section */
		8C17D0D227743CB600DE63B6 /* Frameworks */ = {
			isa = PBXFrameworksBuildPhase;
			buildActionMask = 2147483647;
			files = (
			);
			runOnlyForDeploymentPostprocessing = 0;
		};
		8C17D0E827743CB700DE63B6 /* Frameworks */ = {
			isa = PBXFrameworksBuildPhase;
			buildActionMask = 2147483647;
			files = (
			);
			runOnlyForDeploymentPostprocessing = 0;
		};
		8C17D0F227743CB700DE63B6 /* Frameworks */ = {
			isa = PBXFrameworksBuildPhase;
			buildActionMask = 2147483647;
			files = (
			);
			runOnlyForDeploymentPostprocessing = 0;
		};
/* End PBXFrameworksBuildPhase section */

/* Begin PBXGroup section */
		8C17D0CC27743CB600DE63B6 = {
			isa = PBXGroup;
			children = (
				8C8D6B3E278542B900FF5520 /* PhotoViewController.swift */,
				8C17D0D727743CB600DE63B6 /* Test 2 */,
				8C17D0EE27743CB700DE63B6 /* Test 2Tests */,
				8C17D0F827743CB700DE63B6 /* Test 2UITests */,
				8C17D0D627743CB600DE63B6 /* Products */,
			);
			sourceTree = "<group>";
		};
		8C17D0D627743CB600DE63B6 /* Products */ = {
			isa = PBXGroup;
			children = (
				8C17D0D527743CB600DE63B6 /* Test 2.app */,
				8C17D0EB27743CB700DE63B6 /* Test 2Tests.xctest */,
				8C17D0F527743CB700DE63B6 /* Test 2UITests.xctest */,
			);
			name = Products;
			sourceTree = "<group>";
		};
		8C17D0D727743CB600DE63B6 /* Test 2 */ = {
			isa = PBXGroup;
			children = (
				8C17D0D827743CB600DE63B6 /* AppDelegate.swift */,
				8C17D0DA27743CB600DE63B6 /* SceneDelegate.swift */,
				8C17D0DE27743CB600DE63B6 /* Main.storyboard */,
				8C17D14A2783E96B00DE63B6 /* PatientSpecificationViewController.swift */,
				8C17D1462783E2FA00DE63B6 /* SelectFileViewController.swift */,
				8C17D1482783E31400DE63B6 /* RecordNewViewController.swift */,
				8C17D1442783936300DE63B6 /* WelcomeViewController.swift */,
				8C17D0E127743CB700DE63B6 /* Assets.xcassets */,
				8C17D0E327743CB700DE63B6 /* LaunchScreen.storyboard */,
				8C17D0E627743CB700DE63B6 /* Info.plist */,
			);
			path = "Test 2";
			sourceTree = "<group>";
		};
		8C17D0EE27743CB700DE63B6 /* Test 2Tests */ = {
			isa = PBXGroup;
			children = (
				8C17D0EF27743CB700DE63B6 /* Test_2Tests.swift */,
			);
			path = "Test 2Tests";
			sourceTree = "<group>";
		};
		8C17D0F827743CB700DE63B6 /* Test 2UITests */ = {
			isa = PBXGroup;
			children = (
				8C17D0F927743CB700DE63B6 /* Test_2UITests.swift */,
				8C17D0FB27743CB700DE63B6 /* Test_2UITestsLaunchTests.swift */,
			);
			path = "Test 2UITests";
			sourceTree = "<group>";
		};
/* End PBXGroup section */

/* Begin PBXNativeTarget section */
		8C17D0D427743CB600DE63B6 /* Test 2 */ = {
			isa = PBXNativeTarget;
			buildConfigurationList = 8C17D0FF27743CB700DE63B6 /* Build configuration list for PBXNativeTarget "Test 2" */;
			buildPhases = (
				8C17D0D127743CB600DE63B6 /* Sources */,
				8C17D0D227743CB600DE63B6 /* Frameworks */,
				8C17D0D327743CB600DE63B6 /* Resources */,
			);
			buildRules = (
			);
			dependencies = (
			);
			name = "Test 2";
			productName = "Test 2";
			productReference = 8C17D0D527743CB600DE63B6 /* Test 2.app */;
			productType = "com.apple.product-type.application";
		};
		8C17D0EA27743CB700DE63B6 /* Test 2Tests */ = {
			isa = PBXNativeTarget;
			buildConfigurationList = 8C17D10227743CB700DE63B6 /* Build configuration list for PBXNativeTarget "Test 2Tests" */;
			buildPhases = (
				8C17D0E727743CB700DE63B6 /* Sources */,
				8C17D0E827743CB700DE63B6 /* Frameworks */,
				8C17D0E927743CB700DE63B6 /* Resources */,
			);
			buildRules = (
			);
			dependencies = (
				8C17D0ED27743CB700DE63B6 /* PBXTargetDependency */,
			);
			name = "Test 2Tests";
			productName = "Test 2Tests";
			productReference = 8C17D0EB27743CB700DE63B6 /* Test 2Tests.xctest */;
			productType = "com.apple.product-type.bundle.unit-test";
		};
		8C17D0F427743CB700DE63B6 /* Test 2UITests */ = {
			isa = PBXNativeTarget;
			buildConfigurationList = 8C17D10527743CB700DE63B6 /* Build configuration list for PBXNativeTarget "Test 2UITests" */;
			buildPhases = (
				8C17D0F127743CB700DE63B6 /* Sources */,
				8C17D0F227743CB700DE63B6 /* Frameworks */,
				8C17D0F327743CB700DE63B6 /* Resources */,
			);
			buildRules = (
			);
			dependencies = (
				8C17D0F727743CB700DE63B6 /* PBXTargetDependency */,
			);
			name = "Test 2UITests";
			productName = "Test 2UITests";
			productReference = 8C17D0F527743CB700DE63B6 /* Test 2UITests.xctest */;
			productType = "com.apple.product-type.bundle.ui-testing";
		};
/* End PBXNativeTarget section */

/* Begin PBXProject section */
		8C17D0CD27743CB600DE63B6 /* Project object */ = {
			isa = PBXProject;
			attributes = {
				BuildIndependentTargetsInParallel = 1;
				LastSwiftUpdateCheck = 1320;
				LastUpgradeCheck = 1320;
				ORGANIZATIONNAME = PHADM;
				TargetAttributes = {
					8C17D0D427743CB600DE63B6 = {
						CreatedOnToolsVersion = 13.2;
					};
					8C17D0EA27743CB700DE63B6 = {
						CreatedOnToolsVersion = 13.2;
						TestTargetID = 8C17D0D427743CB600DE63B6;
					};
					8C17D0F427743CB700DE63B6 = {
						CreatedOnToolsVersion = 13.2;
						TestTargetID = 8C17D0D427743CB600DE63B6;
					};
				};
			};
			buildConfigurationList = 8C17D0D027743CB600DE63B6 /* Build configuration list for PBXProject "Test 2" */;
			compatibilityVersion = "Xcode 13.0";
			developmentRegion = en;
			hasScannedForEncodings = 0;
			knownRegions = (
				en,
				Base,
			);
			mainGroup = 8C17D0CC27743CB600DE63B6;
			productRefGroup = 8C17D0D627743CB600DE63B6 /* Products */;
			projectDirPath = "";
			projectRoot = "";
			targets = (
				8C17D0D427743CB600DE63B6 /* Test 2 */,
				8C17D0EA27743CB700DE63B6 /* Test 2Tests */,
				8C17D0F427743CB700DE63B6 /* Test 2UITests */,
			);
		};
/* End PBXProject section */

/* Begin PBXResourcesBuildPhase section */
		8C17D0D327743CB600DE63B6 /* Resources */ = {
			isa = PBXResourcesBuildPhase;
			buildActionMask = 2147483647;
			files = (
				8C17D0E527743CB700DE63B6 /* LaunchScreen.storyboard in Resources */,
				8C17D0E227743CB700DE63B6 /* Assets.xcassets in Resources */,
				8C17D0E027743CB600DE63B6 /* Main.storyboard in Resources */,
			);
			runOnlyForDeploymentPostprocessing = 0;
		};
		8C17D0E927743CB700DE63B6 /* Resources */ = {
			isa = PBXResourcesBuildPhase;
			buildActionMask = 2147483647;
			files = (
			);
			runOnlyForDeploymentPostprocessing = 0;
		};
		8C17D0F327743CB700DE63B6 /* Resources */ = {
			isa = PBXResourcesBuildPhase;
			buildActionMask = 2147483647;
			files = (
			);
			runOnlyForDeploymentPostprocessing = 0;
		};
/* End PBXResourcesBuildPhase section */

/* Begin PBXSourcesBuildPhase section */
		8C17D0D127743CB600DE63B6 /* Sources */ = {
			isa = PBXSourcesBuildPhase;
			buildActionMask = 2147483647;
			files = (
				8C17D1472783E2FA00DE63B6 /* SelectFileViewController.swift in Sources */,
				8C17D1452783936300DE63B6 /* WelcomeViewController.swift in Sources */,
				8C17D1492783E31400DE63B6 /* RecordNewViewController.swift in Sources */,
				8C17D0D927743CB600DE63B6 /* AppDelegate.swift in Sources */,
				8C8D6B3F278542B900FF5520 /* PhotoViewController.swift in Sources */,
				8C17D14B2783E96B00DE63B6 /* PatientSpecificationViewController.swift in Sources */,
				8C17D0DB27743CB600DE63B6 /* SceneDelegate.swift in Sources */,
			);
			runOnlyForDeploymentPostprocessing = 0;
		};
		8C17D0E727743CB700DE63B6 /* Sources */ = {
			isa = PBXSourcesBuildPhase;
			buildActionMask = 2147483647;
			files = (
				8C17D0F027743CB700DE63B6 /* Test_2Tests.swift in Sources */,
			);
			runOnlyForDeploymentPostprocessing = 0;
		};
		8C17D0F127743CB700DE63B6 /* Sources */ = {
			isa = PBXSourcesBuildPhase;
			buildActionMask = 2147483647;
			files = (
				8C17D0FA27743CB700DE63B6 /* Test_2UITests.swift in Sources */,
				8C17D0FC27743CB700DE63B6 /* Test_2UITestsLaunchTests.swift in Sources */,
			);
			runOnlyForDeploymentPostprocessing = 0;
		};
/* End PBXSourcesBuildPhase section */

/* Begin PBXTargetDependency section */
		8C17D0ED27743CB700DE63B6 /* PBXTargetDependency */ = {
			isa = PBXTargetDependency;
			target = 8C17D0D427743CB600DE63B6 /* Test 2 */;
			targetProxy = 8C17D0EC27743CB700DE63B6 /* PBXContainerItemProxy */;
		};
		8C17D0F727743CB700DE63B6 /* PBXTargetDependency */ = {
			isa = PBXTargetDependency;
			target = 8C17D0D427743CB600DE63B6 /* Test 2 */;
			targetProxy = 8C17D0F627743CB700DE63B6 /* PBXContainerItemProxy */;
		};
/* End PBXTargetDependency section */

/* Begin PBXVariantGroup section */
		8C17D0DE27743CB600DE63B6 /* Main.storyboard */ = {
			isa = PBXVariantGroup;
			children = (
				8C17D0DF27743CB600DE63B6 /* Base */,
			);
			name = Main.storyboard;
			sourceTree = "<group>";
		};
		8C17D0E327743CB700DE63B6 /* LaunchScreen.storyboard */ = {
			isa = PBXVariantGroup;
			children = (
				8C17D0E427743CB700DE63B6 /* Base */,
			);
			name = LaunchScreen.storyboard;
			sourceTree = "<group>";
		};
/* End PBXVariantGroup section */

/* Begin XCBuildConfiguration section */
		8C17D0FD27743CB700DE63B6 /* Debug */ = {
			isa = XCBuildConfiguration;
			buildSettings = {
				ALWAYS_SEARCH_USER_PATHS = NO;
				CLANG_ANALYZER_NONNULL = YES;
				CLANG_ANALYZER_NUMBER_OBJECT_CONVERSION = YES_AGGRESSIVE;
				CLANG_CXX_LANGUAGE_STANDARD = "gnu++17";
				CLANG_CXX_LIBRARY = "libc++";
				CLANG_ENABLE_MODULES = YES;
				CLANG_ENABLE_OBJC_ARC = YES;
				CLANG_ENABLE_OBJC_WEAK = YES;
				CLANG_WARN_BLOCK_CAPTURE_AUTORELEASING = YES;
				CLANG_WARN_BOOL_CONVERSION = YES;
				CLANG_WARN_COMMA = YES;
				CLANG_WARN_CONSTANT_CONVERSION = YES;
				CLANG_WARN_DEPRECATED_OBJC_IMPLEMENTATIONS = YES;
				CLANG_WARN_DIRECT_OBJC_ISA_USAGE = YES_ERROR;
				CLANG_WARN_DOCUMENTATION_COMMENTS = YES;
				CLANG_WARN_EMPTY_BODY = YES;
				CLANG_WARN_ENUM_CONVERSION = YES;
				CLANG_WARN_INFINITE_RECURSION = YES;
				CLANG_WARN_INT_CONVERSION = YES;
				CLANG_WARN_NON_LITERAL_NULL_CONVERSION = YES;
				CLANG_WARN_OBJC_IMPLICIT_RETAIN_SELF = YES;
				CLANG_WARN_OBJC_LITERAL_CONVERSION = YES;
				CLANG_WARN_OBJC_ROOT_CLASS = YES_ERROR;
				CLANG_WARN_QUOTED_INCLUDE_IN_FRAMEWORK_HEADER = YES;
				CLANG_WARN_RANGE_LOOP_ANALYSIS = YES;
				CLANG_WARN_STRICT_PROTOTYPES = YES;
				CLANG_WARN_SUSPICIOUS_MOVE = YES;
				CLANG_WARN_UNGUARDED_AVAILABILITY = YES_AGGRESSIVE;
				CLANG_WARN_UNREACHABLE_CODE = YES;
				CLANG_WARN__DUPLICATE_METHOD_MATCH = YES;
				COPY_PHASE_STRIP = NO;
				DEBUG_INFORMATION_FORMAT = dwarf;
				ENABLE_STRICT_OBJC_MSGSEND = YES;
				ENABLE_TESTABILITY = YES;
				GCC_C_LANGUAGE_STANDARD = gnu11;
				GCC_DYNAMIC_NO_PIC = NO;
				GCC_NO_COMMON_BLOCKS = YES;
				GCC_OPTIMIZATION_LEVEL = 0;
				GCC_PREPROCESSOR_DEFINITIONS = (
					"DEBUG=1",
					"$(inherited)",
				);
				GCC_WARN_64_TO_32_BIT_CONVERSION = YES;
				GCC_WARN_ABOUT_RETURN_TYPE = YES_ERROR;
				GCC_WARN_UNDECLARED_SELECTOR = YES;
				GCC_WARN_UNINITIALIZED_AUTOS = YES_AGGRESSIVE;
				GCC_WARN_UNUSED_FUNCTION = YES;
				GCC_WARN_UNUSED_VARIABLE = YES;
				IPHONEOS_DEPLOYMENT_TARGET = 15.2;
				MTL_ENABLE_DEBUG_INFO = INCLUDE_SOURCE;
				MTL_FAST_MATH = YES;
				ONLY_ACTIVE_ARCH = YES;
				SDKROOT = iphoneos;
				SWIFT_ACTIVE_COMPILATION_CONDITIONS = DEBUG;
				SWIFT_OPTIMIZATION_LEVEL = "-Onone";
			};
			name = Debug;
		};
		8C17D0FE27743CB700DE63B6 /* Release */ = {
			isa = XCBuildConfiguration;
			buildSettings = {
				ALWAYS_SEARCH_USER_PATHS = NO;
				CLANG_ANALYZER_NONNULL = YES;
				CLANG_ANALYZER_NUMBER_OBJECT_CONVERSION = YES_AGGRESSIVE;
				CLANG_CXX_LANGUAGE_STANDARD = "gnu++17";
				CLANG_CXX_LIBRARY = "libc++";
				CLANG_ENABLE_MODULES = YES;
				CLANG_ENABLE_OBJC_ARC = YES;
				CLANG_ENABLE_OBJC_WEAK = YES;
				CLANG_WARN_BLOCK_CAPTURE_AUTORELEASING = YES;
				CLANG_WARN_BOOL_CONVERSION = YES;
				CLANG_WARN_COMMA = YES;
				CLANG_WARN_CONSTANT_CONVERSION = YES;
				CLANG_WARN_DEPRECATED_OBJC_IMPLEMENTATIONS = YES;
				CLANG_WARN_DIRECT_OBJC_ISA_USAGE = YES_ERROR;
				CLANG_WARN_DOCUMENTATION_COMMENTS = YES;
				CLANG_WARN_EMPTY_BODY = YES;
				CLANG_WARN_ENUM_CONVERSION = YES;
				CLANG_WARN_INFINITE_RECURSION = YES;
				CLANG_WARN_INT_CONVERSION = YES;
				CLANG_WARN_NON_LITERAL_NULL_CONVERSION = YES;
				CLANG_WARN_OBJC_IMPLICIT_RETAIN_SELF = YES;
				CLANG_WARN_OBJC_LITERAL_CONVERSION = YES;
				CLANG_WARN_OBJC_ROOT_CLASS = YES_ERROR;
				CLANG_WARN_QUOTED_INCLUDE_IN_FRAMEWORK_HEADER = YES;
				CLANG_WARN_RANGE_LOOP_ANALYSIS = YES;
				CLANG_WARN_STRICT_PROTOTYPES = YES;
				CLANG_WARN_SUSPICIOUS_MOVE = YES;
				CLANG_WARN_UNGUARDED_AVAILABILITY = YES_AGGRESSIVE;
				CLANG_WARN_UNREACHABLE_CODE = YES;
				CLANG_WARN__DUPLICATE_METHOD_MATCH = YES;
				COPY_PHASE_STRIP = NO;
				DEBUG_INFORMATION_FORMAT = "dwarf-with-dsym";
				ENABLE_NS_ASSERTIONS = NO;
				ENABLE_STRICT_OBJC_MSGSEND = YES;
				GCC_C_LANGUAGE_STANDARD = gnu11;
				GCC_NO_COMMON_BLOCKS = YES;
				GCC_WARN_64_TO_32_BIT_CONVERSION = YES;
				GCC_WARN_ABOUT_RETURN_TYPE = YES_ERROR;
				GCC_WARN_UNDECLARED_SELECTOR = YES;
				GCC_WARN_UNINITIALIZED_AUTOS = YES_AGGRESSIVE;
				GCC_WARN_UNUSED_FUNCTION = YES;
				GCC_WARN_UNUSED_VARIABLE = YES;
				IPHONEOS_DEPLOYMENT_TARGET = 15.2;
				MTL_ENABLE_DEBUG_INFO = NO;
				MTL_FAST_MATH = YES;
				SDKROOT = iphoneos;
				SWIFT_COMPILATION_MODE = wholemodule;
				SWIFT_OPTIMIZATION_LEVEL = "-O";
				VALIDATE_PRODUCT = YES;
			};
			name = Release;
		};
		8C17D10027743CB700DE63B6 /* Debug */ = {
			isa = XCBuildConfiguration;
			buildSettings = {
				ASSETCATALOG_COMPILER_APPICON_NAME = AppIcon;
				ASSETCATALOG_COMPILER_GLOBAL_ACCENT_COLOR_NAME = AccentColor;
				CODE_SIGN_STYLE = Automatic;
				CURRENT_PROJECT_VERSION = 1;
				DEVELOPMENT_TEAM = 5TZGQ69G2S;
				GENERATE_INFOPLIST_FILE = YES;
				INFOPLIST_FILE = "Test 2/Info.plist";
				INFOPLIST_KEY_UIApplicationSupportsIndirectInputEvents = YES;
				INFOPLIST_KEY_UILaunchStoryboardName = LaunchScreen;
				INFOPLIST_KEY_UIMainStoryboardFile = Main;
				INFOPLIST_KEY_UISupportedInterfaceOrientations = UIInterfaceOrientationPortrait;
				INFOPLIST_KEY_UISupportedInterfaceOrientations_iPad = "UIInterfaceOrientationPortrait UIInterfaceOrientationPortraitUpsideDown UIInterfaceOrientationLandscapeLeft UIInterfaceOrientationLandscapeRight";
				INFOPLIST_KEY_UISupportedInterfaceOrientations_iPhone = "UIInterfaceOrientationPortrait UIInterfaceOrientationLandscapeLeft UIInterfaceOrientationLandscapeRight";
				LD_RUNPATH_SEARCH_PATHS = (
					"$(inherited)",
					"@executable_path/Frameworks",
				);
				MARKETING_VERSION = 1.0;
				PRODUCT_BUNDLE_IDENTIFIER = "PHAADM.Test-2";
				PRODUCT_NAME = "$(TARGET_NAME)";
				SWIFT_EMIT_LOC_STRINGS = YES;
				SWIFT_VERSION = 5.0;
				TARGETED_DEVICE_FAMILY = "1,2";
			};
			name = Debug;
		};
		8C17D10127743CB700DE63B6 /* Release */ = {
			isa = XCBuildConfiguration;
			buildSettings = {
				ASSETCATALOG_COMPILER_APPICON_NAME = AppIcon;
				ASSETCATALOG_COMPILER_GLOBAL_ACCENT_COLOR_NAME = AccentColor;
				CODE_SIGN_STYLE = Automatic;
				CURRENT_PROJECT_VERSION = 1;
				DEVELOPMENT_TEAM = 5TZGQ69G2S;
				GENERATE_INFOPLIST_FILE = YES;
				INFOPLIST_FILE = "Test 2/Info.plist";
				INFOPLIST_KEY_UIApplicationSupportsIndirectInputEvents = YES;
				INFOPLIST_KEY_UILaunchStoryboardName = LaunchScreen;
				INFOPLIST_KEY_UIMainStoryboardFile = Main;
				INFOPLIST_KEY_UISupportedInterfaceOrientations = UIInterfaceOrientationPortrait;
				INFOPLIST_KEY_UISupportedInterfaceOrientations_iPad = "UIInterfaceOrientationPortrait UIInterfaceOrientationPortraitUpsideDown UIInterfaceOrientationLandscapeLeft UIInterfaceOrientationLandscapeRight";
				INFOPLIST_KEY_UISupportedInterfaceOrientations_iPhone = "UIInterfaceOrientationPortrait UIInterfaceOrientationLandscapeLeft UIInterfaceOrientationLandscapeRight";
				LD_RUNPATH_SEARCH_PATHS = (
					"$(inherited)",
					"@executable_path/Frameworks",
				);
				MARKETING_VERSION = 1.0;
				PRODUCT_BUNDLE_IDENTIFIER = "PHAADM.Test-2";
				PRODUCT_NAME = "$(TARGET_NAME)";
				SWIFT_EMIT_LOC_STRINGS = YES;
				SWIFT_VERSION = 5.0;
				TARGETED_DEVICE_FAMILY = "1,2";
			};
			name = Release;
		};
		8C17D10327743CB700DE63B6 /* Debug */ = {
			isa = XCBuildConfiguration;
			buildSettings = {
				ALWAYS_EMBED_SWIFT_STANDARD_LIBRARIES = YES;
				BUNDLE_LOADER = "$(TEST_HOST)";
				CODE_SIGN_STYLE = Automatic;
				CURRENT_PROJECT_VERSION = 1;
				GENERATE_INFOPLIST_FILE = YES;
				IPHONEOS_DEPLOYMENT_TARGET = 15.2;
				MARKETING_VERSION = 1.0;
				PRODUCT_BUNDLE_IDENTIFIER = "PHAADM.Test-2Tests";
				PRODUCT_NAME = "$(TARGET_NAME)";
				SWIFT_EMIT_LOC_STRINGS = NO;
				SWIFT_VERSION = 5.0;
				TARGETED_DEVICE_FAMILY = "1,2";
				TEST_HOST = "$(BUILT_PRODUCTS_DIR)/Test 2.app/Test 2";
			};
			name = Debug;
		};
		8C17D10427743CB700DE63B6 /* Release */ = {
			isa = XCBuildConfiguration;
			buildSettings = {
				ALWAYS_EMBED_SWIFT_STANDARD_LIBRARIES = YES;
				BUNDLE_LOADER = "$(TEST_HOST)";
				CODE_SIGN_STYLE = Automatic;
				CURRENT_PROJECT_VERSION = 1;
				GENERATE_INFOPLIST_FILE = YES;
				IPHONEOS_DEPLOYMENT_TARGET = 15.2;
				MARKETING_VERSION = 1.0;
				PRODUCT_BUNDLE_IDENTIFIER = "PHAADM.Test-2Tests";
				PRODUCT_NAME = "$(TARGET_NAME)";
				SWIFT_EMIT_LOC_STRINGS = NO;
				SWIFT_VERSION = 5.0;
				TARGETED_DEVICE_FAMILY = "1,2";
				TEST_HOST = "$(BUILT_PRODUCTS_DIR)/Test 2.app/Test 2";
			};
			name = Release;
		};
		8C17D10627743CB700DE63B6 /* Debug */ = {
			isa = XCBuildConfiguration;
			buildSettings = {
				ALWAYS_EMBED_SWIFT_STANDARD_LIBRARIES = YES;
				CODE_SIGN_STYLE = Automatic;
				CURRENT_PROJECT_VERSION = 1;
				GENERATE_INFOPLIST_FILE = YES;
				MARKETING_VERSION = 1.0;
				PRODUCT_BUNDLE_IDENTIFIER = "PHAADM.Test-2UITests";
				PRODUCT_NAME = "$(TARGET_NAME)";
				SWIFT_EMIT_LOC_STRINGS = NO;
				SWIFT_VERSION = 5.0;
				TARGETED_DEVICE_FAMILY = "1,2";
				TEST_TARGET_NAME = "Test 2";
			};
			name = Debug;
		};
		8C17D10727743CB700DE63B6 /* Release */ = {
			isa = XCBuildConfiguration;
			buildSettings = {
				ALWAYS_EMBED_SWIFT_STANDARD_LIBRARIES = YES;
				CODE_SIGN_STYLE = Automatic;
				CURRENT_PROJECT_VERSION = 1;
				GENERATE_INFOPLIST_FILE = YES;
				MARKETING_VERSION = 1.0;
				PRODUCT_BUNDLE_IDENTIFIER = "PHAADM.Test-2UITests";
				PRODUCT_NAME = "$(TARGET_NAME)";
				SWIFT_EMIT_LOC_STRINGS = NO;
				SWIFT_VERSION = 5.0;
				TARGETED_DEVICE_FAMILY = "1,2";
				TEST_TARGET_NAME = "Test 2";
			};
			name = Release;
		};
/* End XCBuildConfiguration section */

/* Begin XCConfigurationList section */
		8C17D0D027743CB600DE63B6 /* Build configuration list for PBXProject "Test 2" */ = {
			isa = XCConfigurationList;
			buildConfigurations = (
				8C17D0FD27743CB700DE63B6 /* Debug */,
				8C17D0FE27743CB700DE63B6 /* Release */,
			);
			defaultConfigurationIsVisible = 0;
			defaultConfigurationName = Release;
		};
		8C17D0FF27743CB700DE63B6 /* Build configuration list for PBXNativeTarget "Test 2" */ = {
			isa = XCConfigurationList;
			buildConfigurations = (
				8C17D10027743CB700DE63B6 /* Debug */,
				8C17D10127743CB700DE63B6 /* Release */,
			);
			defaultConfigurationIsVisible = 0;
			defaultConfigurationName = Release;
		};
		8C17D10227743CB700DE63B6 /* Build configuration list for PBXNativeTarget "Test 2Tests" */ = {
			isa = XCConfigurationList;
			buildConfigurations = (
				8C17D10327743CB700DE63B6 /* Debug */,
				8C17D10427743CB700DE63B6 /* Release */,
			);
			defaultConfigurationIsVisible = 0;
			defaultConfigurationName = Release;
		};
		8C17D10527743CB700DE63B6 /* Build configuration list for PBXNativeTarget "Test 2UITests" */ = {
			isa = XCConfigurationList;
			buildConfigurations = (
				8C17D10627743CB700DE63B6 /* Debug */,
				8C17D10727743CB700DE63B6 /* Release */,
			);
			defaultConfigurationIsVisible = 0;
			defaultConfigurationName = Release;
		};
/* End XCConfigurationList section */
	};
	rootObject = 8C17D0CD27743CB600DE63B6 /* Project object */;
}
